github.com/a7medalyapany/dog v0.0.0-20251005174754-2777270a5b10 h1:ZdyR/gqQYAYDTendZ7lgEhAPxgl7ryf301KFTG1NE+k=
github.com/a7medalyapany/dog v0.0.0-20251005174754-2777270a5b10/go.mod h1:6Ll+WCnC8NIRQqbL+o+q3pKLcqGuZjnch6mnO0UNdiQ=
github.com/a7medalyapany/dog v0.0.0-20251005175421-5a5c0917f807 h1:bGg4kzmIFAqvdc3B8U2IhtbcEmo57Ko+cS56mokv8yc=
github.com/a7medalyapany/dog v0.0.0-20251005175421-5a5c0917f807/go.mod h1:6Ll+WCnC8NIRQqbL+o+q3pKLcqGuZjnch6mnO0UNdiQ=
